
Microsoft Visual Studio Solution File, Format Version 12.00
# Visual Studio Version 16
VisualStudioVersion = 16.0.29728.190
MinimumVisualStudioVersion = 10.0.40219.1
Project("{FAE04EC0-301F-11D3-BF4B-00C04F79EFBC}") = "RegistroParcial1", "RegistroParcial1.csproj", "{0193E6C6-6A1C-4439-AF56-DD74F1A83ED0}"
EndProject
Global
	GlobalSection(SolutionConfigurationPlatforms) = preSolution
		Debug|Any CPU = Debug|Any CPU
		Release|Any CPU = Release|Any CPU
	EndGlobalSection
	GlobalSection(ProjectConfigurationPlatforms) = postSolution
		{0193E6C6-6A1C-4439-AF56-DD74F1A83ED0}.Debug|Any CPU.ActiveCfg = Debug|Any CPU
		{0193E6C6-6A1C-4439-AF56-DD74F1A83ED0}.Debug|Any CPU.Build.0 = Debug|Any CPU
		{0193E6C6-6A1C-4439-AF56-DD74F1A83ED0}.Release|Any CPU.ActiveCfg = Release|Any CPU
		{0193E6C6-6A1C-4439-AF56-DD74F1A83ED0}.Release|Any CPU.Build.0 = Release|Any CPU
	EndGlobalSection
	GlobalSection(SolutionProperties) = preSolution
		HideSolutionNode = FALSE
	EndGlobalSection
	GlobalSection(ExtensibilityGlobals) = postSolution
		SolutionGuid = {148F06E5-3343-4E65-9A3D-3332530E71A8}
	EndGlobalSection
EndGlobal
